{
  "pins" : [
    {
      "identity" : "azureaivisioncore.xcframework",
      "kind" : "remoteSourceControl",
      "location" : "https://msface.visualstudio.com/SDK/_git/AzureAIVisionCore.xcframework",
      "state" : {
        "branch" : "main",
        "revision" : "60a1054e69b6ce5006e06066673ac62bca0bdef2"
      }
    },
    {
      "identity" : "azureaivisionface.xcframework",
      "kind" : "remoteSourceControl",
      "location" : "https://msface.visualstudio.com/SDK/_git/AzureAIVisionFace.xcframework",
      "state" : {
        "branch" : "main",
        "revision" : "416c98eb093c3f7907ed5f301ed5a764cffbc2b6"
      }
    }
  ],
  "version" : 2
}
