
Microsoft Visual Studio Solution File, Format Version 12.00
# Visual Studio Version 16
VisualStudioVersion = 16.0.32428.217
MinimumVisualStudioVersion = 10.0.40219.1
Project("{FAE04EC0-301F-11D3-BF4B-00C04F79EFBC}") = "image-analysis-samples", "image-analysis-samples.csproj", "{8D664544-0D1E-4C6D-863E-E9BAEC6C0B83}"
EndProject
Global
	GlobalSection(SolutionConfigurationPlatforms) = preSolution
		Debug|Any CPU = Debug|Any CPU
		Release|Any CPU = Release|Any CPU
	EndGlobalSection
	GlobalSection(ProjectConfigurationPlatforms) = postSolution
		{8D664544-0D1E-4C6D-863E-E9BAEC6C0B83}.Debug|Any CPU.ActiveCfg = Debug|Any CPU
		{8D664544-0D1E-4C6D-863E-E9BAEC6C0B83}.Debug|Any CPU.Build.0 = Debug|Any CPU
		{8D664544-0D1E-4C6D-863E-E9BAEC6C0B83}.Release|Any CPU.ActiveCfg = Release|Any CPU
		{8D664544-0D1E-4C6D-863E-E9BAEC6C0B83}.Release|Any CPU.Build.0 = Release|Any CPU
	EndGlobalSection
	GlobalSection(SolutionProperties) = preSolution
		HideSolutionNode = FALSE
	EndGlobalSection
	GlobalSection(ExtensibilityGlobals) = postSolution
		SolutionGuid = {7DFC3E47-0A1A-4AA5-8E40-2E2326C97C92}
	EndGlobalSection
EndGlobal
