Microsoft Visual Studio Solution File, Format Version 12.00
# Visual Studio Version 17
VisualStudioVersion = 17.0.31903.59
MinimumVisualStudioVersion = 10.0.40219.1
Project("{FAE04EC0-301F-11D3-BF4B-00C04F79EFBC}") = "FaceLivenessAttestationBackendSample", "FaceLivenessAttestationBackendSample.csproj", "{D6C6273E-D07E-4BFE-8717-78AF47A0954A}"
EndProject
Project("{2150E333-8FDC-42A3-9474-1A3956D46DE8}") = "tests", "tests", "{0AB3BF05-4346-4AA6-1389-037BE0695223}"
EndProject
Project("{FAE04EC0-301F-11D3-BF4B-00C04F79EFBC}") = "FaceLivenessAttestationBackendSample.Tests", "tests\FaceLivenessAttestationBackendSample.Tests.csproj", "{AA7BDE6A-BE9C-488A-A16D-4A371CF1A7A5}"
EndProject
Global
	GlobalSection(SolutionConfigurationPlatforms) = preSolution
		Debug|Any CPU = Debug|Any CPU
		Debug|x64 = Debug|x64
		Debug|x86 = Debug|x86
		Release|Any CPU = Release|Any CPU
		Release|x64 = Release|x64
		Release|x86 = Release|x86
	EndGlobalSection
	GlobalSection(ProjectConfigurationPlatforms) = postSolution
		{D6C6273E-D07E-4BFE-8717-78AF47A0954A}.Debug|Any CPU.ActiveCfg = Debug|Any CPU
		{D6C6273E-D07E-4BFE-8717-78AF47A0954A}.Debug|Any CPU.Build.0 = Debug|Any CPU
		{D6C6273E-D07E-4BFE-8717-78AF47A0954A}.Debug|x64.ActiveCfg = Debug|Any CPU
		{D6C6273E-D07E-4BFE-8717-78AF47A0954A}.Debug|x64.Build.0 = Debug|Any CPU
		{D6C6273E-D07E-4BFE-8717-78AF47A0954A}.Debug|x86.ActiveCfg = Debug|Any CPU
		{D6C6273E-D07E-4BFE-8717-78AF47A0954A}.Debug|x86.Build.0 = Debug|Any CPU
		{D6C6273E-D07E-4BFE-8717-78AF47A0954A}.Release|Any CPU.ActiveCfg = Release|Any CPU
		{D6C6273E-D07E-4BFE-8717-78AF47A0954A}.Release|Any CPU.Build.0 = Release|Any CPU
		{D6C6273E-D07E-4BFE-8717-78AF47A0954A}.Release|x64.ActiveCfg = Release|Any CPU
		{D6C6273E-D07E-4BFE-8717-78AF47A0954A}.Release|x64.Build.0 = Release|Any CPU
		{D6C6273E-D07E-4BFE-8717-78AF47A0954A}.Release|x86.ActiveCfg = Release|Any CPU
		{D6C6273E-D07E-4BFE-8717-78AF47A0954A}.Release|x86.Build.0 = Release|Any CPU
		{AA7BDE6A-BE9C-488A-A16D-4A371CF1A7A5}.Debug|Any CPU.ActiveCfg = Debug|Any CPU
		{AA7BDE6A-BE9C-488A-A16D-4A371CF1A7A5}.Debug|Any CPU.Build.0 = Debug|Any CPU
		{AA7BDE6A-BE9C-488A-A16D-4A371CF1A7A5}.Debug|x64.ActiveCfg = Debug|Any CPU
		{AA7BDE6A-BE9C-488A-A16D-4A371CF1A7A5}.Debug|x64.Build.0 = Debug|Any CPU
		{AA7BDE6A-BE9C-488A-A16D-4A371CF1A7A5}.Debug|x86.ActiveCfg = Debug|Any CPU
		{AA7BDE6A-BE9C-488A-A16D-4A371CF1A7A5}.Debug|x86.Build.0 = Debug|Any CPU
		{AA7BDE6A-BE9C-488A-A16D-4A371CF1A7A5}.Release|Any CPU.ActiveCfg = Release|Any CPU
		{AA7BDE6A-BE9C-488A-A16D-4A371CF1A7A5}.Release|Any CPU.Build.0 = Release|Any CPU
		{AA7BDE6A-BE9C-488A-A16D-4A371CF1A7A5}.Release|x64.ActiveCfg = Release|Any CPU
		{AA7BDE6A-BE9C-488A-A16D-4A371CF1A7A5}.Release|x64.Build.0 = Release|Any CPU
		{AA7BDE6A-BE9C-488A-A16D-4A371CF1A7A5}.Release|x86.ActiveCfg = Release|Any CPU
		{AA7BDE6A-BE9C-488A-A16D-4A371CF1A7A5}.Release|x86.Build.0 = Release|Any CPU
	EndGlobalSection
	GlobalSection(SolutionProperties) = preSolution
		HideSolutionNode = FALSE
	EndGlobalSection
	GlobalSection(NestedProjects) = preSolution
		{AA7BDE6A-BE9C-488A-A16D-4A371CF1A7A5} = {0AB3BF05-4346-4AA6-1389-037BE0695223}
	EndGlobalSection
EndGlobal
