
Microsoft Visual Studio Solution File, Format Version 12.00
# Visual Studio Version 17
VisualStudioVersion = 17.5.33414.496
MinimumVisualStudioVersion = 10.0.40219.1
Project("{FAE04EC0-301F-11D3-BF4B-00C04F79EFBC}") = "1", "1\1.csproj", "{6E4331C3-B64E-4CE7-8FF9-565BBED05174}"
EndProject
Project("{FAE04EC0-301F-11D3-BF4B-00C04F79EFBC}") = "2", "2\2.csproj", "{BE852DD4-3679-41CC-BA6C-BCAC6DC25595}"
EndProject
Project("{FAE04EC0-301F-11D3-BF4B-00C04F79EFBC}") = "3", "3\3.csproj", "{2F933D0F-5010-4913-927A-9C0A409746CD}"
EndProject
Global
	GlobalSection(SolutionConfigurationPlatforms) = preSolution
		Debug|Any CPU = Debug|Any CPU
		Release|Any CPU = Release|Any CPU
	EndGlobalSection
	GlobalSection(ProjectConfigurationPlatforms) = postSolution
		{6E4331C3-B64E-4CE7-8FF9-565BBED05174}.Debug|Any CPU.ActiveCfg = Debug|Any CPU
		{6E4331C3-B64E-4CE7-8FF9-565BBED05174}.Debug|Any CPU.Build.0 = Debug|Any CPU
		{6E4331C3-B64E-4CE7-8FF9-565BBED05174}.Release|Any CPU.ActiveCfg = Release|Any CPU
		{6E4331C3-B64E-4CE7-8FF9-565BBED05174}.Release|Any CPU.Build.0 = Release|Any CPU
		{BE852DD4-3679-41CC-BA6C-BCAC6DC25595}.Debug|Any CPU.ActiveCfg = Debug|Any CPU
		{BE852DD4-3679-41CC-BA6C-BCAC6DC25595}.Debug|Any CPU.Build.0 = Debug|Any CPU
		{BE852DD4-3679-41CC-BA6C-BCAC6DC25595}.Release|Any CPU.ActiveCfg = Release|Any CPU
		{BE852DD4-3679-41CC-BA6C-BCAC6DC25595}.Release|Any CPU.Build.0 = Release|Any CPU
		{2F933D0F-5010-4913-927A-9C0A409746CD}.Debug|Any CPU.ActiveCfg = Debug|Any CPU
		{2F933D0F-5010-4913-927A-9C0A409746CD}.Debug|Any CPU.Build.0 = Debug|Any CPU
		{2F933D0F-5010-4913-927A-9C0A409746CD}.Release|Any CPU.ActiveCfg = Release|Any CPU
		{2F933D0F-5010-4913-927A-9C0A409746CD}.Release|Any CPU.Build.0 = Release|Any CPU
	EndGlobalSection
	GlobalSection(SolutionProperties) = preSolution
		HideSolutionNode = FALSE
	EndGlobalSection
	GlobalSection(ExtensibilityGlobals) = postSolution
		SolutionGuid = {CC0D5F84-1C10-460F-83ED-095A4C1E9992}
	EndGlobalSection
EndGlobal
