// !$*UTF8*$!
{
	archiveVersion = 1;
	classes = {
	};
	objectVersion = 56;
	objects = {

/* Begin PBXBuildFile section */
		8C4E26EC2AFAE85200B70E0E /* FaceAnalyzerDemoApp.swift in Sources */ = {isa = PBXBuildFile; fileRef = 8C4E26EB2AFAE85200B70E0E /* FaceAnalyzerDemoApp.swift */; };
		8C4E26F02AFAE85500B70E0E /* Assets.xcassets in Resources */ = {isa = PBXBuildFile; fileRef = 8C4E26EF2AFAE85500B70E0E /* Assets.xcassets */; };
		8C4E26F32AFAE85500B70E0E /* Preview Assets.xcassets in Resources */ = {isa = PBXBuildFile; fileRef = 8C4E26F22AFAE85500B70E0E /* Preview Assets.xcassets */; };
		8C4E273D2AFAFCAA00B70E0E /* CameraRepresentable.swift in Sources */ = {isa = PBXBuildFile; fileRef = 8C4E27312AFAFCAA00B70E0E /* CameraRepresentable.swift */; };
		8C4E273E2AFAFCAA00B70E0E /* ConvenienceExtension.swift in Sources */ = {isa = PBXBuildFile; fileRef = 8C4E27322AFAFCAA00B70E0E /* ConvenienceExtension.swift */; };
		8C4E27402AFAFCAA00B70E0E /* CameraPreviewView.swift in Sources */ = {isa = PBXBuildFile; fileRef = 8C4E27342AFAFCAA00B70E0E /* CameraPreviewView.swift */; };
		8C4E27412AFAFCAA00B70E0E /* Utility.swift in Sources */ = {isa = PBXBuildFile; fileRef = 8C4E27352AFAFCAA00B70E0E /* Utility.swift */; };
		8C4E27422AFAFCAA00B70E0E /* CameraView.swift in Sources */ = {isa = PBXBuildFile; fileRef = 8C4E27362AFAFCAA00B70E0E /* CameraView.swift */; };
		8C4E27432AFAFCAA00B70E0E /* LaunchView.swift in Sources */ = {isa = PBXBuildFile; fileRef = 8C4E27372AFAFCAA00B70E0E /* LaunchView.swift */; };
		8C4E27442AFAFCAA00B70E0E /* ClientStartView.swift in Sources */ = {isa = PBXBuildFile; fileRef = 8C4E27382AFAFCAA00B70E0E /* ClientStartView.swift */; };
		8C4E27452AFAFCAA00B70E0E /* ImageMetadata.swift in Sources */ = {isa = PBXBuildFile; fileRef = 8C4E27392AFAFCAA00B70E0E /* ImageMetadata.swift */; };
		8C4E27462AFAFCAA00B70E0E /* ImagePicker.swift in Sources */ = {isa = PBXBuildFile; fileRef = 8C4E273A2AFAFCAA00B70E0E /* ImagePicker.swift */; };
		8C4E27482AFAFCAA00B70E0E /* CameraViewController.swift in Sources */ = {isa = PBXBuildFile; fileRef = 8C4E273C2AFAFCAA00B70E0E /* CameraViewController.swift */; };
		8C4E274A2AFAFCBF00B70E0E /* LivenessActor.swift in Sources */ = {isa = PBXBuildFile; fileRef = 8C4E27492AFAFCBF00B70E0E /* LivenessActor.swift */; };
		8C4E274D2AFAFCD400B70E0E /* ResultView.swift in Sources */ = {isa = PBXBuildFile; fileRef = 8C4E274B2AFAFCD400B70E0E /* ResultView.swift */; };
		8C4E274E2AFAFCD400B70E0E /* MainView.swift in Sources */ = {isa = PBXBuildFile; fileRef = 8C4E274C2AFAFCD400B70E0E /* MainView.swift */; };
		8C4E27502AFAFDB300B70E0E /* LivenessView.swift in Sources */ = {isa = PBXBuildFile; fileRef = 8C4E274F2AFAFDB300B70E0E /* LivenessView.swift */; };
		8C4E275E2AFB131400B70E0E /* SettingsView.swift in Sources */ = {isa = PBXBuildFile; fileRef = 8C4E275D2AFB131300B70E0E /* SettingsView.swift */; };
		8C4E27602AFB132700B70E0E /* ImageSelectionView.swift in Sources */ = {isa = PBXBuildFile; fileRef = 8C4E275F2AFB132700B70E0E /* ImageSelectionView.swift */; };
		8C4E276B2AFC556F00B70E0E /* Localization.swift in Sources */ = {isa = PBXBuildFile; fileRef = 8C4E276A2AFC556F00B70E0E /* Localization.swift */; };
		8C4E27752AFDA01D00B70E0E /* AzureAIVisionCore.xcframework in Frameworks */ = {isa = PBXBuildFile; fileRef = 8C4E27622AFB139D00B70E0E /* AzureAIVisionCore.xcframework */; };
		8C4E27762AFDA01D00B70E0E /* AzureAIVisionCore.xcframework in Embed Frameworks */ = {isa = PBXBuildFile; fileRef = 8C4E27622AFB139D00B70E0E /* AzureAIVisionCore.xcframework */; settings = {ATTRIBUTES = (CodeSignOnCopy, RemoveHeadersOnCopy, ); }; };
		8C4E27782AFDA01F00B70E0E /* AzureAIVisionFace.xcframework in Frameworks */ = {isa = PBXBuildFile; fileRef = 8C4E27632AFB139D00B70E0E /* AzureAIVisionFace.xcframework */; };
		8C4E27792AFDA01F00B70E0E /* AzureAIVisionFace.xcframework in Embed Frameworks */ = {isa = PBXBuildFile; fileRef = 8C4E27632AFB139D00B70E0E /* AzureAIVisionFace.xcframework */; settings = {ATTRIBUTES = (CodeSignOnCopy, RemoveHeadersOnCopy, ); }; };
/* End PBXBuildFile section */

/* Begin PBXCopyFilesBuildPhase section */
		8C4E27772AFDA01D00B70E0E /* Embed Frameworks */ = {
			isa = PBXCopyFilesBuildPhase;
			buildActionMask = 2147483647;
			dstPath = "";
			dstSubfolderSpec = 10;
			files = (
				8C4E27792AFDA01F00B70E0E /* AzureAIVisionFace.xcframework in Embed Frameworks */,
				8C4E27762AFDA01D00B70E0E /* AzureAIVisionCore.xcframework in Embed Frameworks */,
			);
			name = "Embed Frameworks";
			runOnlyForDeploymentPostprocessing = 0;
		};
/* End PBXCopyFilesBuildPhase section */

/* Begin PBXFileReference section */
		8C4E26E82AFAE85200B70E0E /* FaceAnalyzerDemo.app */ = {isa = PBXFileReference; explicitFileType = wrapper.application; includeInIndex = 0; path = FaceAnalyzerDemo.app; sourceTree = BUILT_PRODUCTS_DIR; };
		8C4E26EB2AFAE85200B70E0E /* FaceAnalyzerDemoApp.swift */ = {isa = PBXFileReference; lastKnownFileType = sourcecode.swift; path = FaceAnalyzerDemoApp.swift; sourceTree = "<group>"; };
		8C4E26EF2AFAE85500B70E0E /* Assets.xcassets */ = {isa = PBXFileReference; lastKnownFileType = folder.assetcatalog; path = Assets.xcassets; sourceTree = "<group>"; };
		8C4E26F22AFAE85500B70E0E /* Preview Assets.xcassets */ = {isa = PBXFileReference; lastKnownFileType = folder.assetcatalog; path = "Preview Assets.xcassets"; sourceTree = "<group>"; };
		8C4E27312AFAFCAA00B70E0E /* CameraRepresentable.swift */ = {isa = PBXFileReference; fileEncoding = 4; lastKnownFileType = sourcecode.swift; name = CameraRepresentable.swift; path = ../../../Source/Common/CameraRepresentable.swift; sourceTree = "<group>"; };
		8C4E27322AFAFCAA00B70E0E /* ConvenienceExtension.swift */ = {isa = PBXFileReference; fileEncoding = 4; lastKnownFileType = sourcecode.swift; name = ConvenienceExtension.swift; path = ../../../Source/Common/ConvenienceExtension.swift; sourceTree = "<group>"; };
		8C4E27342AFAFCAA00B70E0E /* CameraPreviewView.swift */ = {isa = PBXFileReference; fileEncoding = 4; lastKnownFileType = sourcecode.swift; name = CameraPreviewView.swift; path = ../../../Source/Common/CameraPreviewView.swift; sourceTree = "<group>"; };
		8C4E27352AFAFCAA00B70E0E /* Utility.swift */ = {isa = PBXFileReference; fileEncoding = 4; lastKnownFileType = sourcecode.swift; name = Utility.swift; path = ../../../Source/Common/Utility.swift; sourceTree = "<group>"; };
		8C4E27362AFAFCAA00B70E0E /* CameraView.swift */ = {isa = PBXFileReference; fileEncoding = 4; lastKnownFileType = sourcecode.swift; name = CameraView.swift; path = ../../../Source/Common/CameraView.swift; sourceTree = "<group>"; };
		8C4E27372AFAFCAA00B70E0E /* LaunchView.swift */ = {isa = PBXFileReference; fileEncoding = 4; lastKnownFileType = sourcecode.swift; name = LaunchView.swift; path = ../../../Source/Common/LaunchView.swift; sourceTree = "<group>"; };
		8C4E27382AFAFCAA00B70E0E /* ClientStartView.swift */ = {isa = PBXFileReference; fileEncoding = 4; lastKnownFileType = sourcecode.swift; name = ClientStartView.swift; path = ../../../Source/Common/ClientStartView.swift; sourceTree = "<group>"; };
		8C4E27392AFAFCAA00B70E0E /* ImageMetadata.swift */ = {isa = PBXFileReference; fileEncoding = 4; lastKnownFileType = sourcecode.swift; name = ImageMetadata.swift; path = ../../../Source/Common/ImageMetadata.swift; sourceTree = "<group>"; };
		8C4E273A2AFAFCAA00B70E0E /* ImagePicker.swift */ = {isa = PBXFileReference; fileEncoding = 4; lastKnownFileType = sourcecode.swift; name = ImagePicker.swift; path = ../../../Source/Common/ImagePicker.swift; sourceTree = "<group>"; };
		8C4E273C2AFAFCAA00B70E0E /* CameraViewController.swift */ = {isa = PBXFileReference; fileEncoding = 4; lastKnownFileType = sourcecode.swift; name = CameraViewController.swift; path = ../../../Source/Common/CameraViewController.swift; sourceTree = "<group>"; };
		8C4E27492AFAFCBF00B70E0E /* LivenessActor.swift */ = {isa = PBXFileReference; fileEncoding = 4; lastKnownFileType = sourcecode.swift; name = LivenessActor.swift; path = ../../../Source/Common/LivenessActor.swift; sourceTree = "<group>"; };
		8C4E274B2AFAFCD400B70E0E /* ResultView.swift */ = {isa = PBXFileReference; fileEncoding = 4; lastKnownFileType = sourcecode.swift; name = ResultView.swift; path = ../../../Source/Demo/ResultView.swift; sourceTree = "<group>"; };
		8C4E274C2AFAFCD400B70E0E /* MainView.swift */ = {isa = PBXFileReference; fileEncoding = 4; lastKnownFileType = sourcecode.swift; name = MainView.swift; path = ../../../Source/Demo/MainView.swift; sourceTree = "<group>"; };
		8C4E274F2AFAFDB300B70E0E /* LivenessView.swift */ = {isa = PBXFileReference; fileEncoding = 4; lastKnownFileType = sourcecode.swift; name = LivenessView.swift; path = ../../../Source/Demo/LivenessView.swift; sourceTree = "<group>"; };
		8C4E275D2AFB131300B70E0E /* SettingsView.swift */ = {isa = PBXFileReference; fileEncoding = 4; lastKnownFileType = sourcecode.swift; name = SettingsView.swift; path = ../../../Source/Demo/SettingsView.swift; sourceTree = "<group>"; };
		8C4E275F2AFB132700B70E0E /* ImageSelectionView.swift */ = {isa = PBXFileReference; fileEncoding = 4; lastKnownFileType = sourcecode.swift; name = ImageSelectionView.swift; path = ../../../Source/Common/ImageSelectionView.swift; sourceTree = "<group>"; };
		8C4E27622AFB139D00B70E0E /* AzureAIVisionCore.xcframework */ = {isa = PBXFileReference; lastKnownFileType = wrapper.xcframework; name = AzureAIVisionCore.xcframework; path = ../../AzureAIVisionCore.xcframework; sourceTree = "<group>"; };
		8C4E27632AFB139D00B70E0E /* AzureAIVisionFace.xcframework */ = {isa = PBXFileReference; lastKnownFileType = wrapper.xcframework; name = AzureAIVisionFace.xcframework; path = ../../AzureAIVisionFace.xcframework; sourceTree = "<group>"; };
		8C4E276A2AFC556F00B70E0E /* Localization.swift */ = {isa = PBXFileReference; lastKnownFileType = sourcecode.swift; name = Localization.swift; path = ../../../Source/Common/Localization.swift; sourceTree = "<group>"; };
/* End PBXFileReference section */

/* Begin PBXFrameworksBuildPhase section */
		8C4E26E52AFAE85200B70E0E /* Frameworks */ = {
			isa = PBXFrameworksBuildPhase;
			buildActionMask = 2147483647;
			files = (
				8C4E27782AFDA01F00B70E0E /* AzureAIVisionFace.xcframework in Frameworks */,
				8C4E27752AFDA01D00B70E0E /* AzureAIVisionCore.xcframework in Frameworks */,
			);
			runOnlyForDeploymentPostprocessing = 0;
		};
/* End PBXFrameworksBuildPhase section */

/* Begin PBXGroup section */
		8C4E26DF2AFAE85200B70E0E = {
			isa = PBXGroup;
			children = (
				8C4E26EA2AFAE85200B70E0E /* FaceAnalyzerDemo */,
				8C4E26E92AFAE85200B70E0E /* Products */,
				8C4E27612AFB139D00B70E0E /* Frameworks */,
			);
			sourceTree = "<group>";
		};
		8C4E26E92AFAE85200B70E0E /* Products */ = {
			isa = PBXGroup;
			children = (
				8C4E26E82AFAE85200B70E0E /* FaceAnalyzerDemo.app */,
			);
			name = Products;
			sourceTree = "<group>";
		};
		8C4E26EA2AFAE85200B70E0E /* FaceAnalyzerDemo */ = {
			isa = PBXGroup;
			children = (
				8C4E275F2AFB132700B70E0E /* ImageSelectionView.swift */,
				8C4E275D2AFB131300B70E0E /* SettingsView.swift */,
				8C4E274F2AFAFDB300B70E0E /* LivenessView.swift */,
				8C4E27492AFAFCBF00B70E0E /* LivenessActor.swift */,
				8C4E274C2AFAFCD400B70E0E /* MainView.swift */,
				8C4E274B2AFAFCD400B70E0E /* ResultView.swift */,
				8C4E27342AFAFCAA00B70E0E /* CameraPreviewView.swift */,
				8C4E27312AFAFCAA00B70E0E /* CameraRepresentable.swift */,
				8C4E27362AFAFCAA00B70E0E /* CameraView.swift */,
				8C4E273C2AFAFCAA00B70E0E /* CameraViewController.swift */,
				8C4E27382AFAFCAA00B70E0E /* ClientStartView.swift */,
				8C4E27322AFAFCAA00B70E0E /* ConvenienceExtension.swift */,
				8C4E27392AFAFCAA00B70E0E /* ImageMetadata.swift */,
				8C4E273A2AFAFCAA00B70E0E /* ImagePicker.swift */,
				8C4E27372AFAFCAA00B70E0E /* LaunchView.swift */,
				8C4E27352AFAFCAA00B70E0E /* Utility.swift */,
				8C4E276A2AFC556F00B70E0E /* Localization.swift */,
				8C4E26EB2AFAE85200B70E0E /* FaceAnalyzerDemoApp.swift */,
				8C4E26EF2AFAE85500B70E0E /* Assets.xcassets */,
				8C4E26F12AFAE85500B70E0E /* Preview Content */,
			);
			path = FaceAnalyzerDemo;
			sourceTree = "<group>";
		};
		8C4E26F12AFAE85500B70E0E /* Preview Content */ = {
			isa = PBXGroup;
			children = (
				8C4E26F22AFAE85500B70E0E /* Preview Assets.xcassets */,
			);
			path = "Preview Content";
			sourceTree = "<group>";
		};
		8C4E27612AFB139D00B70E0E /* Frameworks */ = {
			isa = PBXGroup;
			children = (
				8C4E27622AFB139D00B70E0E /* AzureAIVisionCore.xcframework */,
				8C4E27632AFB139D00B70E0E /* AzureAIVisionFace.xcframework */,
			);
			name = Frameworks;
			sourceTree = "<group>";
		};
/* End PBXGroup section */

/* Begin PBXNativeTarget section */
		8C4E26E72AFAE85200B70E0E /* FaceAnalyzerDemo */ = {
			isa = PBXNativeTarget;
			buildConfigurationList = 8C4E26F62AFAE85500B70E0E /* Build configuration list for PBXNativeTarget "FaceAnalyzerDemo" */;
			buildPhases = (
				8C4E26E42AFAE85200B70E0E /* Sources */,
				8C4E26E52AFAE85200B70E0E /* Frameworks */,
				8C4E26E62AFAE85200B70E0E /* Resources */,
				8C4E27772AFDA01D00B70E0E /* Embed Frameworks */,
			);
			buildRules = (
			);
			dependencies = (
			);
			name = FaceAnalyzerDemo;
			productName = FaceAnalyzerDemo;
			productReference = 8C4E26E82AFAE85200B70E0E /* FaceAnalyzerDemo.app */;
			productType = "com.apple.product-type.application";
		};
/* End PBXNativeTarget section */

/* Begin PBXProject section */
		8C4E26E02AFAE85200B70E0E /* Project object */ = {
			isa = PBXProject;
			attributes = {
				BuildIndependentTargetsInParallel = 1;
				LastSwiftUpdateCheck = 1500;
				LastUpgradeCheck = 1500;
				TargetAttributes = {
					8C4E26E72AFAE85200B70E0E = {
						CreatedOnToolsVersion = 15.0;
					};
				};
			};
			buildConfigurationList = 8C4E26E32AFAE85200B70E0E /* Build configuration list for PBXProject "FaceAnalyzerDemo" */;
			compatibilityVersion = "Xcode 14.0";
			developmentRegion = en;
			hasScannedForEncodings = 0;
			knownRegions = (
				en,
				Base,
			);
			mainGroup = 8C4E26DF2AFAE85200B70E0E;
			productRefGroup = 8C4E26E92AFAE85200B70E0E /* Products */;
			projectDirPath = "";
			projectRoot = "";
			targets = (
				8C4E26E72AFAE85200B70E0E /* FaceAnalyzerDemo */,
			);
		};
/* End PBXProject section */

/* Begin PBXResourcesBuildPhase section */
		8C4E26E62AFAE85200B70E0E /* Resources */ = {
			isa = PBXResourcesBuildPhase;
			buildActionMask = 2147483647;
			files = (
				8C4E26F32AFAE85500B70E0E /* Preview Assets.xcassets in Resources */,
				8C4E26F02AFAE85500B70E0E /* Assets.xcassets in Resources */,
			);
			runOnlyForDeploymentPostprocessing = 0;
		};
/* End PBXResourcesBuildPhase section */

/* Begin PBXSourcesBuildPhase section */
		8C4E26E42AFAE85200B70E0E /* Sources */ = {
			isa = PBXSourcesBuildPhase;
			buildActionMask = 2147483647;
			files = (
				8C4E27452AFAFCAA00B70E0E /* ImageMetadata.swift in Sources */,
				8C4E27602AFB132700B70E0E /* ImageSelectionView.swift in Sources */,
				8C4E27502AFAFDB300B70E0E /* LivenessView.swift in Sources */,
				8C4E27442AFAFCAA00B70E0E /* ClientStartView.swift in Sources */,
				8C4E274D2AFAFCD400B70E0E /* ResultView.swift in Sources */,
				8C4E26EC2AFAE85200B70E0E /* FaceAnalyzerDemoApp.swift in Sources */,
				8C4E27432AFAFCAA00B70E0E /* LaunchView.swift in Sources */,
				8C4E27482AFAFCAA00B70E0E /* CameraViewController.swift in Sources */,
				8C4E27422AFAFCAA00B70E0E /* CameraView.swift in Sources */,
				8C4E27412AFAFCAA00B70E0E /* Utility.swift in Sources */,
				8C4E275E2AFB131400B70E0E /* SettingsView.swift in Sources */,
				8C4E274E2AFAFCD400B70E0E /* MainView.swift in Sources */,
				8C4E274A2AFAFCBF00B70E0E /* LivenessActor.swift in Sources */,
				8C4E27462AFAFCAA00B70E0E /* ImagePicker.swift in Sources */,
				8C4E276B2AFC556F00B70E0E /* Localization.swift in Sources */,
				8C4E27402AFAFCAA00B70E0E /* CameraPreviewView.swift in Sources */,
				8C4E273D2AFAFCAA00B70E0E /* CameraRepresentable.swift in Sources */,
				8C4E273E2AFAFCAA00B70E0E /* ConvenienceExtension.swift in Sources */,
			);
			runOnlyForDeploymentPostprocessing = 0;
		};
/* End PBXSourcesBuildPhase section */

/* Begin XCBuildConfiguration section */
		8C4E26F42AFAE85500B70E0E /* Debug */ = {
			isa = XCBuildConfiguration;
			buildSettings = {
				ALWAYS_SEARCH_USER_PATHS = NO;
				ASSETCATALOG_COMPILER_GENERATE_SWIFT_ASSET_SYMBOL_EXTENSIONS = YES;
				CLANG_ANALYZER_NONNULL = YES;
				CLANG_ANALYZER_NUMBER_OBJECT_CONVERSION = YES_AGGRESSIVE;
				CLANG_CXX_LANGUAGE_STANDARD = "gnu++20";
				CLANG_ENABLE_MODULES = YES;
				CLANG_ENABLE_OBJC_ARC = YES;
				CLANG_ENABLE_OBJC_WEAK = YES;
				CLANG_WARN_BLOCK_CAPTURE_AUTORELEASING = YES;
				CLANG_WARN_BOOL_CONVERSION = YES;
				CLANG_WARN_COMMA = YES;
				CLANG_WARN_CONSTANT_CONVERSION = YES;
				CLANG_WARN_DEPRECATED_OBJC_IMPLEMENTATIONS = YES;
				CLANG_WARN_DIRECT_OBJC_ISA_USAGE = YES_ERROR;
				CLANG_WARN_DOCUMENTATION_COMMENTS = YES;
				CLANG_WARN_EMPTY_BODY = YES;
				CLANG_WARN_ENUM_CONVERSION = YES;
				CLANG_WARN_INFINITE_RECURSION = YES;
				CLANG_WARN_INT_CONVERSION = YES;
				CLANG_WARN_NON_LITERAL_NULL_CONVERSION = YES;
				CLANG_WARN_OBJC_IMPLICIT_RETAIN_SELF = YES;
				CLANG_WARN_OBJC_LITERAL_CONVERSION = YES;
				CLANG_WARN_OBJC_ROOT_CLASS = YES_ERROR;
				CLANG_WARN_QUOTED_INCLUDE_IN_FRAMEWORK_HEADER = YES;
				CLANG_WARN_RANGE_LOOP_ANALYSIS = YES;
				CLANG_WARN_STRICT_PROTOTYPES = YES;
				CLANG_WARN_SUSPICIOUS_MOVE = YES;
				CLANG_WARN_UNGUARDED_AVAILABILITY = YES_AGGRESSIVE;
				CLANG_WARN_UNREACHABLE_CODE = YES;
				CLANG_WARN__DUPLICATE_METHOD_MATCH = YES;
				COPY_PHASE_STRIP = NO;
				DEBUG_INFORMATION_FORMAT = dwarf;
				ENABLE_STRICT_OBJC_MSGSEND = YES;
				ENABLE_TESTABILITY = YES;
				ENABLE_USER_SCRIPT_SANDBOXING = YES;
				GCC_C_LANGUAGE_STANDARD = gnu17;
				GCC_DYNAMIC_NO_PIC = NO;
				GCC_NO_COMMON_BLOCKS = YES;
				GCC_OPTIMIZATION_LEVEL = 0;
				GCC_PREPROCESSOR_DEFINITIONS = (
					"DEBUG=1",
					"$(inherited)",
				);
				GCC_WARN_64_TO_32_BIT_CONVERSION = YES;
				GCC_WARN_ABOUT_RETURN_TYPE = YES_ERROR;
				GCC_WARN_UNDECLARED_SELECTOR = YES;
				GCC_WARN_UNINITIALIZED_AUTOS = YES_AGGRESSIVE;
				GCC_WARN_UNUSED_FUNCTION = YES;
				GCC_WARN_UNUSED_VARIABLE = YES;
				IPHONEOS_DEPLOYMENT_TARGET = 14.0;
				LOCALIZATION_PREFERS_STRING_CATALOGS = YES;
				MTL_ENABLE_DEBUG_INFO = INCLUDE_SOURCE;
				MTL_FAST_MATH = YES;
				ONLY_ACTIVE_ARCH = YES;
				SDKROOT = iphoneos;
				SWIFT_ACTIVE_COMPILATION_CONDITIONS = "DEBUG $(inherited)";
				SWIFT_OPTIMIZATION_LEVEL = "-Onone";
			};
			name = Debug;
		};
		8C4E26F52AFAE85500B70E0E /* Release */ = {
			isa = XCBuildConfiguration;
			buildSettings = {
				ALWAYS_SEARCH_USER_PATHS = NO;
				ASSETCATALOG_COMPILER_GENERATE_SWIFT_ASSET_SYMBOL_EXTENSIONS = YES;
				CLANG_ANALYZER_NONNULL = YES;
				CLANG_ANALYZER_NUMBER_OBJECT_CONVERSION = YES_AGGRESSIVE;
				CLANG_CXX_LANGUAGE_STANDARD = "gnu++20";
				CLANG_ENABLE_MODULES = YES;
				CLANG_ENABLE_OBJC_ARC = YES;
				CLANG_ENABLE_OBJC_WEAK = YES;
				CLANG_WARN_BLOCK_CAPTURE_AUTORELEASING = YES;
				CLANG_WARN_BOOL_CONVERSION = YES;
				CLANG_WARN_COMMA = YES;
				CLANG_WARN_CONSTANT_CONVERSION = YES;
				CLANG_WARN_DEPRECATED_OBJC_IMPLEMENTATIONS = YES;
				CLANG_WARN_DIRECT_OBJC_ISA_USAGE = YES_ERROR;
				CLANG_WARN_DOCUMENTATION_COMMENTS = YES;
				CLANG_WARN_EMPTY_BODY = YES;
				CLANG_WARN_ENUM_CONVERSION = YES;
				CLANG_WARN_INFINITE_RECURSION = YES;
				CLANG_WARN_INT_CONVERSION = YES;
				CLANG_WARN_NON_LITERAL_NULL_CONVERSION = YES;
				CLANG_WARN_OBJC_IMPLICIT_RETAIN_SELF = YES;
				CLANG_WARN_OBJC_LITERAL_CONVERSION = YES;
				CLANG_WARN_OBJC_ROOT_CLASS = YES_ERROR;
				CLANG_WARN_QUOTED_INCLUDE_IN_FRAMEWORK_HEADER = YES;
				CLANG_WARN_RANGE_LOOP_ANALYSIS = YES;
				CLANG_WARN_STRICT_PROTOTYPES = YES;
				CLANG_WARN_SUSPICIOUS_MOVE = YES;
				CLANG_WARN_UNGUARDED_AVAILABILITY = YES_AGGRESSIVE;
				CLANG_WARN_UNREACHABLE_CODE = YES;
				CLANG_WARN__DUPLICATE_METHOD_MATCH = YES;
				COPY_PHASE_STRIP = NO;
				DEBUG_INFORMATION_FORMAT = "dwarf-with-dsym";
				ENABLE_NS_ASSERTIONS = NO;
				ENABLE_STRICT_OBJC_MSGSEND = YES;
				ENABLE_USER_SCRIPT_SANDBOXING = YES;
				GCC_C_LANGUAGE_STANDARD = gnu17;
				GCC_NO_COMMON_BLOCKS = YES;
				GCC_WARN_64_TO_32_BIT_CONVERSION = YES;
				GCC_WARN_ABOUT_RETURN_TYPE = YES_ERROR;
				GCC_WARN_UNDECLARED_SELECTOR = YES;
				GCC_WARN_UNINITIALIZED_AUTOS = YES_AGGRESSIVE;
				GCC_WARN_UNUSED_FUNCTION = YES;
				GCC_WARN_UNUSED_VARIABLE = YES;
				IPHONEOS_DEPLOYMENT_TARGET = 14.0;
				LOCALIZATION_PREFERS_STRING_CATALOGS = YES;
				MTL_ENABLE_DEBUG_INFO = NO;
				MTL_FAST_MATH = YES;
				SDKROOT = iphoneos;
				SWIFT_COMPILATION_MODE = wholemodule;
				VALIDATE_PRODUCT = YES;
			};
			name = Release;
		};
		8C4E26F72AFAE85500B70E0E /* Debug */ = {
			isa = XCBuildConfiguration;
			buildSettings = {
				ASSETCATALOG_COMPILER_APPICON_NAME = AppIcon;
				ASSETCATALOG_COMPILER_GLOBAL_ACCENT_COLOR_NAME = AccentColor;
				CODE_SIGN_STYLE = Automatic;
				CURRENT_PROJECT_VERSION = 1;
				DEVELOPMENT_ASSET_PATHS = "\"FaceAnalyzerDemo/Preview Content\"";
				DEVELOPMENT_TEAM = UBF8T346G9;
				ENABLE_PREVIEWS = YES;
				GENERATE_INFOPLIST_FILE = YES;
				INFOPLIST_KEY_NSCameraUsageDescription = "This App requires camera usage.";
				INFOPLIST_KEY_UIApplicationSceneManifest_Generation = YES;
				INFOPLIST_KEY_UIApplicationSupportsIndirectInputEvents = YES;
				INFOPLIST_KEY_UILaunchScreen_Generation = YES;
				INFOPLIST_KEY_UISupportedInterfaceOrientations = UIInterfaceOrientationPortrait;
				INFOPLIST_KEY_UISupportedInterfaceOrientations_iPad = "UIInterfaceOrientationLandscapeLeft UIInterfaceOrientationLandscapeRight UIInterfaceOrientationPortrait UIInterfaceOrientationPortraitUpsideDown";
				INFOPLIST_KEY_UISupportsDocumentBrowser = YES;
				IPHONEOS_DEPLOYMENT_TARGET = 14.0;
				LD_RUNPATH_SEARCH_PATHS = (
					"$(inherited)",
					"@executable_path/Frameworks",
				);
				MARKETING_VERSION = 1.0;
				PRODUCT_BUNDLE_IDENTIFIER = com.microsoft.faceapi.FaceAnalyzerDemo;
				PRODUCT_NAME = "$(TARGET_NAME)";
				SWIFT_EMIT_LOC_STRINGS = YES;
				SWIFT_OBJC_INTEROP_MODE = objcxx;
				SWIFT_VERSION = 5.0;
				TARGETED_DEVICE_FAMILY = "1,2";
			};
			name = Debug;
		};
		8C4E26F82AFAE85500B70E0E /* Release */ = {
			isa = XCBuildConfiguration;
			buildSettings = {
				ASSETCATALOG_COMPILER_APPICON_NAME = AppIcon;
				ASSETCATALOG_COMPILER_GLOBAL_ACCENT_COLOR_NAME = AccentColor;
				CODE_SIGN_STYLE = Automatic;
				CURRENT_PROJECT_VERSION = 1;
				DEVELOPMENT_ASSET_PATHS = "\"FaceAnalyzerDemo/Preview Content\"";
				DEVELOPMENT_TEAM = UBF8T346G9;
				ENABLE_PREVIEWS = YES;
				GENERATE_INFOPLIST_FILE = YES;
				INFOPLIST_KEY_NSCameraUsageDescription = "This App requires camera usage.";
				INFOPLIST_KEY_UIApplicationSceneManifest_Generation = YES;
				INFOPLIST_KEY_UIApplicationSupportsIndirectInputEvents = YES;
				INFOPLIST_KEY_UILaunchScreen_Generation = YES;
				INFOPLIST_KEY_UISupportedInterfaceOrientations = UIInterfaceOrientationPortrait;
				INFOPLIST_KEY_UISupportedInterfaceOrientations_iPad = "UIInterfaceOrientationLandscapeLeft UIInterfaceOrientationLandscapeRight UIInterfaceOrientationPortrait UIInterfaceOrientationPortraitUpsideDown";
				INFOPLIST_KEY_UISupportsDocumentBrowser = YES;
				IPHONEOS_DEPLOYMENT_TARGET = 14.0;
				LD_RUNPATH_SEARCH_PATHS = (
					"$(inherited)",
					"@executable_path/Frameworks",
				);
				MARKETING_VERSION = 1.0;
				PRODUCT_BUNDLE_IDENTIFIER = com.microsoft.faceapi.FaceAnalyzerDemo;
				PRODUCT_NAME = "$(TARGET_NAME)";
				SWIFT_EMIT_LOC_STRINGS = YES;
				SWIFT_OBJC_INTEROP_MODE = objcxx;
				SWIFT_VERSION = 5.0;
				TARGETED_DEVICE_FAMILY = "1,2";
			};
			name = Release;
		};
/* End XCBuildConfiguration section */

/* Begin XCConfigurationList section */
		8C4E26E32AFAE85200B70E0E /* Build configuration list for PBXProject "FaceAnalyzerDemo" */ = {
			isa = XCConfigurationList;
			buildConfigurations = (
				8C4E26F42AFAE85500B70E0E /* Debug */,
				8C4E26F52AFAE85500B70E0E /* Release */,
			);
			defaultConfigurationIsVisible = 0;
			defaultConfigurationName = Release;
		};
		8C4E26F62AFAE85500B70E0E /* Build configuration list for PBXNativeTarget "FaceAnalyzerDemo" */ = {
			isa = XCConfigurationList;
			buildConfigurations = (
				8C4E26F72AFAE85500B70E0E /* Debug */,
				8C4E26F82AFAE85500B70E0E /* Release */,
			);
			defaultConfigurationIsVisible = 0;
			defaultConfigurationName = Release;
		};
/* End XCConfigurationList section */
	};
	rootObject = 8C4E26E02AFAE85200B70E0E /* Project object */;
}
