
Microsoft Visual Studio Solution File, Format Version 12.00
# Visual Studio Version 17
VisualStudioVersion = 17.0.31903.59
MinimumVisualStudioVersion = 10.0.40219.1
Project("{FAE04EC0-301F-11D3-BF4B-00C04F79EFBC}") = "FaceLivenessDetectorSample.Client", "FaceLivenessDetectorSample.Client\FaceLivenessDetectorSample.Client.csproj", "{B731AE65-6301-4787-8191-D4DA1411B98D}"
EndProject
Project("{FAE04EC0-301F-11D3-BF4B-00C04F79EFBC}") = "FaceLivenessDetectorSample.Server", "FaceLivenessDetectorSample.Server\FaceLivenessDetectorSample.Server.csproj", "{93676B22-C316-4327-A0E4-1728FBFAE5A5}"
EndProject
Project("{FAE04EC0-301F-11D3-BF4B-00C04F79EFBC}") = "FaceLivenessDetectorSample.Shared", "FaceLivenessDetectorSample.Shared\FaceLivenessDetectorSample.Shared.csproj", "{60436085-F88A-4342-B28E-F9109A87843C}"
EndProject
Project("{2150E333-8FDC-42A3-9474-1A3956D46DE8}") = "tests", "tests", "{0AB3BF05-4346-4AA6-1389-037BE0695223}"
EndProject
Project("{FAE04EC0-301F-11D3-BF4B-00C04F79EFBC}") = "PlaywrightTests", "tests\PlaywrightTests\PlaywrightTests.csproj", "{6E0C6CA5-DCC7-4D04-BD10-FDCD02025638}"
EndProject
Global
	GlobalSection(SolutionConfigurationPlatforms) = preSolution
		Debug|Any CPU = Debug|Any CPU
		Debug|x64 = Debug|x64
		Debug|x86 = Debug|x86
		Release|Any CPU = Release|Any CPU
		Release|x64 = Release|x64
		Release|x86 = Release|x86
	EndGlobalSection
	GlobalSection(ProjectConfigurationPlatforms) = postSolution
		{B731AE65-6301-4787-8191-D4DA1411B98D}.Debug|Any CPU.ActiveCfg = Debug|Any CPU
		{B731AE65-6301-4787-8191-D4DA1411B98D}.Debug|Any CPU.Build.0 = Debug|Any CPU
		{B731AE65-6301-4787-8191-D4DA1411B98D}.Debug|x64.ActiveCfg = Debug|Any CPU
		{B731AE65-6301-4787-8191-D4DA1411B98D}.Debug|x64.Build.0 = Debug|Any CPU
		{B731AE65-6301-4787-8191-D4DA1411B98D}.Debug|x86.ActiveCfg = Debug|Any CPU
		{B731AE65-6301-4787-8191-D4DA1411B98D}.Debug|x86.Build.0 = Debug|Any CPU
		{B731AE65-6301-4787-8191-D4DA1411B98D}.Release|Any CPU.ActiveCfg = Release|Any CPU
		{B731AE65-6301-4787-8191-D4DA1411B98D}.Release|Any CPU.Build.0 = Release|Any CPU
		{B731AE65-6301-4787-8191-D4DA1411B98D}.Release|x64.ActiveCfg = Release|Any CPU
		{B731AE65-6301-4787-8191-D4DA1411B98D}.Release|x64.Build.0 = Release|Any CPU
		{B731AE65-6301-4787-8191-D4DA1411B98D}.Release|x86.ActiveCfg = Release|Any CPU
		{B731AE65-6301-4787-8191-D4DA1411B98D}.Release|x86.Build.0 = Release|Any CPU
		{93676B22-C316-4327-A0E4-1728FBFAE5A5}.Debug|Any CPU.ActiveCfg = Debug|Any CPU
		{93676B22-C316-4327-A0E4-1728FBFAE5A5}.Debug|Any CPU.Build.0 = Debug|Any CPU
		{93676B22-C316-4327-A0E4-1728FBFAE5A5}.Debug|x64.ActiveCfg = Debug|Any CPU
		{93676B22-C316-4327-A0E4-1728FBFAE5A5}.Debug|x64.Build.0 = Debug|Any CPU
		{93676B22-C316-4327-A0E4-1728FBFAE5A5}.Debug|x86.ActiveCfg = Debug|Any CPU
		{93676B22-C316-4327-A0E4-1728FBFAE5A5}.Debug|x86.Build.0 = Debug|Any CPU
		{93676B22-C316-4327-A0E4-1728FBFAE5A5}.Release|Any CPU.ActiveCfg = Release|Any CPU
		{93676B22-C316-4327-A0E4-1728FBFAE5A5}.Release|Any CPU.Build.0 = Release|Any CPU
		{93676B22-C316-4327-A0E4-1728FBFAE5A5}.Release|x64.ActiveCfg = Release|Any CPU
		{93676B22-C316-4327-A0E4-1728FBFAE5A5}.Release|x64.Build.0 = Release|Any CPU
		{93676B22-C316-4327-A0E4-1728FBFAE5A5}.Release|x86.ActiveCfg = Release|Any CPU
		{93676B22-C316-4327-A0E4-1728FBFAE5A5}.Release|x86.Build.0 = Release|Any CPU
		{60436085-F88A-4342-B28E-F9109A87843C}.Debug|Any CPU.ActiveCfg = Debug|Any CPU
		{60436085-F88A-4342-B28E-F9109A87843C}.Debug|Any CPU.Build.0 = Debug|Any CPU
		{60436085-F88A-4342-B28E-F9109A87843C}.Debug|x64.ActiveCfg = Debug|Any CPU
		{60436085-F88A-4342-B28E-F9109A87843C}.Debug|x64.Build.0 = Debug|Any CPU
		{60436085-F88A-4342-B28E-F9109A87843C}.Debug|x86.ActiveCfg = Debug|Any CPU
		{60436085-F88A-4342-B28E-F9109A87843C}.Debug|x86.Build.0 = Debug|Any CPU
		{60436085-F88A-4342-B28E-F9109A87843C}.Release|Any CPU.ActiveCfg = Release|Any CPU
		{60436085-F88A-4342-B28E-F9109A87843C}.Release|Any CPU.Build.0 = Release|Any CPU
		{60436085-F88A-4342-B28E-F9109A87843C}.Release|x64.ActiveCfg = Release|Any CPU
		{60436085-F88A-4342-B28E-F9109A87843C}.Release|x64.Build.0 = Release|Any CPU
		{60436085-F88A-4342-B28E-F9109A87843C}.Release|x86.ActiveCfg = Release|Any CPU
		{60436085-F88A-4342-B28E-F9109A87843C}.Release|x86.Build.0 = Release|Any CPU
		{6E0C6CA5-DCC7-4D04-BD10-FDCD02025638}.Debug|Any CPU.ActiveCfg = Debug|Any CPU
		{6E0C6CA5-DCC7-4D04-BD10-FDCD02025638}.Debug|Any CPU.Build.0 = Debug|Any CPU
		{6E0C6CA5-DCC7-4D04-BD10-FDCD02025638}.Debug|x64.ActiveCfg = Debug|Any CPU
		{6E0C6CA5-DCC7-4D04-BD10-FDCD02025638}.Debug|x64.Build.0 = Debug|Any CPU
		{6E0C6CA5-DCC7-4D04-BD10-FDCD02025638}.Debug|x86.ActiveCfg = Debug|Any CPU
		{6E0C6CA5-DCC7-4D04-BD10-FDCD02025638}.Debug|x86.Build.0 = Debug|Any CPU
		{6E0C6CA5-DCC7-4D04-BD10-FDCD02025638}.Release|Any CPU.ActiveCfg = Release|Any CPU
		{6E0C6CA5-DCC7-4D04-BD10-FDCD02025638}.Release|Any CPU.Build.0 = Release|Any CPU
		{6E0C6CA5-DCC7-4D04-BD10-FDCD02025638}.Release|x64.ActiveCfg = Release|Any CPU
		{6E0C6CA5-DCC7-4D04-BD10-FDCD02025638}.Release|x64.Build.0 = Release|Any CPU
		{6E0C6CA5-DCC7-4D04-BD10-FDCD02025638}.Release|x86.ActiveCfg = Release|Any CPU
		{6E0C6CA5-DCC7-4D04-BD10-FDCD02025638}.Release|x86.Build.0 = Release|Any CPU
	EndGlobalSection
	GlobalSection(SolutionProperties) = preSolution
		HideSolutionNode = FALSE
	EndGlobalSection
	GlobalSection(NestedProjects) = preSolution
		{6E0C6CA5-DCC7-4D04-BD10-FDCD02025638} = {0AB3BF05-4346-4AA6-1389-037BE0695223}
	EndGlobalSection
EndGlobal
