Microsoft Visual Studio Solution File, Format Version 12.00
# Visual Studio Version 17
VisualStudioVersion = 17.5.33414.496
MinimumVisualStudioVersion = 10.0.40219.1
Project("{8BC9CEB8-8B4A-11D0-8D11-00A0C91BC942}") = "how-to", "how-to\how-to.vcxproj", "{0AB6D8C8-4EF4-4B01-B340-FE43BDB9BB81}"
EndProject
Project("{8BC9CEB8-8B4A-11D0-8D11-00A0C91BC942}") = "quick-start", "quick-start\quick-start.vcxproj", "{319FA605-ED4C-451B-A51F-3A460132F406}"
EndProject
Project("{8BC9CEB8-8B4A-11D0-8D11-00A0C91BC942}") = "custom-model", "custom-model\custom-model.vcxproj", "{179F6970-C656-4EAD-80E9-A27E521E64F7}"
EndProject
Project("{8BC9CEB8-8B4A-11D0-8D11-00A0C91BC942}") = "segmentation", "segmentation\segmentation.vcxproj", "{8635527C-81E4-4304-9614-FA2A0F22FB72}"
EndProject
Global
	GlobalSection(SolutionConfigurationPlatforms) = preSolution
		Debug|x64 = Debug|x64
		Release|x64 = Release|x64
	EndGlobalSection
	GlobalSection(ProjectConfigurationPlatforms) = postSolution
		{0AB6D8C8-4EF4-4B01-B340-FE43BDB9BB81}.Debug|x64.ActiveCfg = Debug|x64
		{0AB6D8C8-4EF4-4B01-B340-FE43BDB9BB81}.Debug|x64.Build.0 = Debug|x64
		{0AB6D8C8-4EF4-4B01-B340-FE43BDB9BB81}.Release|x64.ActiveCfg = Release|x64
		{0AB6D8C8-4EF4-4B01-B340-FE43BDB9BB81}.Release|x64.Build.0 = Release|x64
		{319FA605-ED4C-451B-A51F-3A460132F406}.Debug|x64.ActiveCfg = Debug|x64
		{319FA605-ED4C-451B-A51F-3A460132F406}.Debug|x64.Build.0 = Debug|x64
		{319FA605-ED4C-451B-A51F-3A460132F406}.Release|x64.ActiveCfg = Release|x64
		{319FA605-ED4C-451B-A51F-3A460132F406}.Release|x64.Build.0 = Release|x64
		{179F6970-C656-4EAD-80E9-A27E521E64F7}.Debug|x64.ActiveCfg = Debug|x64
		{179F6970-C656-4EAD-80E9-A27E521E64F7}.Debug|x64.Build.0 = Debug|x64
		{179F6970-C656-4EAD-80E9-A27E521E64F7}.Release|x64.ActiveCfg = Release|x64
		{179F6970-C656-4EAD-80E9-A27E521E64F7}.Release|x64.Build.0 = Release|x64
		{8635527C-81E4-4304-9614-FA2A0F22FB72}.Debug|x64.ActiveCfg = Debug|x64
		{8635527C-81E4-4304-9614-FA2A0F22FB72}.Debug|x64.Build.0 = Debug|x64
		{8635527C-81E4-4304-9614-FA2A0F22FB72}.Release|x64.ActiveCfg = Release|x64
		{8635527C-81E4-4304-9614-FA2A0F22FB72}.Release|x64.Build.0 = Release|x64
	EndGlobalSection
	GlobalSection(SolutionProperties) = preSolution
		HideSolutionNode = FALSE
	EndGlobalSection
	GlobalSection(ExtensibilityGlobals) = postSolution
		SolutionGuid = {C7230832-4DA4-47E2-8722-8323801C327C}
	EndGlobalSection
EndGlobal
